// !$*UTF8*$!
{
	archiveVersion = 1;
	classes = {
	};
	objectVersion = 46;
	objects = {

/* Begin PBXBuildFile section */
		4F927B241AC0D2BD00947A1C /* Slot.swift in Sources */ = {isa = PBXBuildFile; fileRef = 4F927B231AC0D2BD00947A1C /* Slot.swift */; };
		4F927B261AC0DDF000947A1C /* Factory.swift in Sources */ = {isa = PBXBuildFile; fileRef = 4F927B251AC0DDF000947A1C /* Factory.swift */; };
		4F9779B61AA6D932004E282E /* AppDelegate.swift in Sources */ = {isa = PBXBuildFile; fileRef = 4F9779B51AA6D932004E282E /* AppDelegate.swift */; };
		4F9779B81AA6D932004E282E /* ViewController.swift in Sources */ = {isa = PBXBuildFile; fileRef = 4F9779B71AA6D932004E282E /* ViewController.swift */; };
		4F9779BB1AA6D932004E282E /* Main.storyboard in Resources */ = {isa = PBXBuildFile; fileRef = 4F9779B91AA6D932004E282E /* Main.storyboard */; };
		4F9779BD1AA6D932004E282E /* Images.xcassets in Resources */ = {isa = PBXBuildFile; fileRef = 4F9779BC1AA6D932004E282E /* Images.xcassets */; };
		4F9779C01AA6D932004E282E /* LaunchScreen.xib in Resources */ = {isa = PBXBuildFile; fileRef = 4F9779BE1AA6D932004E282E /* LaunchScreen.xib */; };
		4F9779CC1AA6D932004E282E /* SlotMachineTests.swift in Sources */ = {isa = PBXBuildFile; fileRef = 4F9779CB1AA6D932004E282E /* SlotMachineTests.swift */; };
/* End PBXBuildFile section */

/* Begin PBXContainerItemProxy section */
		4F9779C61AA6D932004E282E /* PBXContainerItemProxy */ = {
			isa = PBXContainerItemProxy;
			containerPortal = 4F9779A81AA6D932004E282E /* Project object */;
			proxyType = 1;
			remoteGlobalIDString = 4F9779AF1AA6D932004E282E;
			remoteInfo = SlotMachine;
		};
/* End PBXContainerItemProxy section */

/* Begin PBXFileReference section */
		4F927B231AC0D2BD00947A1C /* Slot.swift */ = {isa = PBXFileReference; fileEncoding = 4; lastKnownFileType = sourcecode.swift; path = Slot.swift; sourceTree = "<group>"; };
		4F927B251AC0DDF000947A1C /* Factory.swift */ = {isa = PBXFileReference; fileEncoding = 4; lastKnownFileType = sourcecode.swift; path = Factory.swift; sourceTree = "<group>"; };
		4F9779B01AA6D932004E282E /* SlotMachine.app */ = {isa = PBXFileReference; explicitFileType = wrapper.application; includeInIndex = 0; path = SlotMachine.app; sourceTree = BUILT_PRODUCTS_DIR; };
		4F9779B41AA6D932004E282E /* Info.plist */ = {isa = PBXFileReference; lastKnownFileType = text.plist.xml; path = Info.plist; sourceTree = "<group>"; };
		4F9779B51AA6D932004E282E /* AppDelegate.swift */ = {isa = PBXFileReference; lastKnownFileType = sourcecode.swift; path = AppDelegate.swift; sourceTree = "<group>"; };
		4F9779B71AA6D932004E282E /* ViewController.swift */ = {isa = PBXFileReference; lastKnownFileType = sourcecode.swift; path = ViewController.swift; sourceTree = "<group>"; };
		4F9779BA1AA6D932004E282E /* Base */ = {isa = PBXFileReference; lastKnownFileType = file.storyboard; name = Base; path = Base.lproj/Main.storyboard; sourceTree = "<group>"; };
		4F9779BC1AA6D932004E282E /* Images.xcassets */ = {isa = PBXFileReference; lastKnownFileType = folder.assetcatalog; path = Images.xcassets; sourceTree = "<group>"; };
		4F9779BF1AA6D932004E282E /* Base */ = {isa = PBXFileReference; lastKnownFileType = file.xib; name = Base; path = Base.lproj/LaunchScreen.xib; sourceTree = "<group>"; };
		4F9779C51AA6D932004E282E /* SlotMachineTests.xctest */ = {isa = PBXFileReference; explicitFileType = wrapper.cfbundle; includeInIndex = 0; path = SlotMachineTests.xctest; sourceTree = BUILT_PRODUCTS_DIR; };
		4F9779CA1AA6D932004E282E /* Info.plist */ = {isa = PBXFileReference; lastKnownFileType = text.plist.xml; path = Info.plist; sourceTree = "<group>"; };
		4F9779CB1AA6D932004E282E /* SlotMachineTests.swift */ = {isa = PBXFileReference; lastKnownFileType = sourcecode.swift; path = SlotMachineTests.swift; sourceTree = "<group>"; };
/* End PBXFileReference section */

/* Begin PBXFrameworksBuildPhase section */
		4F9779AD1AA6D932004E282E /* Frameworks */ = {
			isa = PBXFrameworksBuildPhase;
			buildActionMask = 2147483647;
			files = (
			);
			runOnlyForDeploymentPostprocessing = 0;
		};
		4F9779C21AA6D932004E282E /* Frameworks */ = {
			isa = PBXFrameworksBuildPhase;
			buildActionMask = 2147483647;
			files = (
			);
			runOnlyForDeploymentPostprocessing = 0;
		};
/* End PBXFrameworksBuildPhase section */

/* Begin PBXGroup section */
		4F9779A71AA6D932004E282E = {
			isa = PBXGroup;
			children = (
				4F9779B21AA6D932004E282E /* SlotMachine */,
				4F9779C81AA6D932004E282E /* SlotMachineTests */,
				4F9779B11AA6D932004E282E /* Products */,
			);
			sourceTree = "<group>";
		};
		4F9779B11AA6D932004E282E /* Products */ = {
			isa = PBXGroup;
			children = (
				4F9779B01AA6D932004E282E /* SlotMachine.app */,
				4F9779C51AA6D932004E282E /* SlotMachineTests.xctest */,
			);
			name = Products;
			sourceTree = "<group>";
		};
		4F9779B21AA6D932004E282E /* SlotMachine */ = {
			isa = PBXGroup;
			children = (
				4F9779B51AA6D932004E282E /* AppDelegate.swift */,
				4F9779B71AA6D932004E282E /* ViewController.swift */,
				4F927B231AC0D2BD00947A1C /* Slot.swift */,
				4F9779B91AA6D932004E282E /* Main.storyboard */,
				4F9779BC1AA6D932004E282E /* Images.xcassets */,
				4F927B251AC0DDF000947A1C /* Factory.swift */,
				4F9779BE1AA6D932004E282E /* LaunchScreen.xib */,
				4F9779B31AA6D932004E282E /* Supporting Files */,
			);
			path = SlotMachine;
			sourceTree = "<group>";
		};
		4F9779B31AA6D932004E282E /* Supporting Files */ = {
			isa = PBXGroup;
			children = (
				4F9779B41AA6D932004E282E /* Info.plist */,
			);
			name = "Supporting Files";
			sourceTree = "<group>";
		};
		4F9779C81AA6D932004E282E /* SlotMachineTests */ = {
			isa = PBXGroup;
			children = (
				4F9779CB1AA6D932004E282E /* SlotMachineTests.swift */,
				4F9779C91AA6D932004E282E /* Supporting Files */,
			);
			path = SlotMachineTests;
			sourceTree = "<group>";
		};
		4F9779C91AA6D932004E282E /* Supporting Files */ = {
			isa = PBXGroup;
			children = (
				4F9779CA1AA6D932004E282E /* Info.plist */,
			);
			name = "Supporting Files";
			sourceTree = "<group>";
		};
/* End PBXGroup section */

/* Begin PBXNativeTarget section */
		4F9779AF1AA6D932004E282E /* SlotMachine */ = {
			isa = PBXNativeTarget;
			buildConfigurationList = 4F9779CF1AA6D932004E282E /* Build configuration list for PBXNativeTarget "SlotMachine" */;
			buildPhases = (
				4F9779AC1AA6D932004E282E /* Sources */,
				4F9779AD1AA6D932004E282E /* Frameworks */,
				4F9779AE1AA6D932004E282E /* Resources */,
			);
			buildRules = (
			);
			dependencies = (
			);
			name = SlotMachine;
			productName = SlotMachine;
			productReference = 4F9779B01AA6D932004E282E /* SlotMachine.app */;
			productType = "com.apple.product-type.application";
		};
		4F9779C41AA6D932004E282E /* SlotMachineTests */ = {
			isa = PBXNativeTarget;
			buildConfigurationList = 4F9779D21AA6D932004E282E /* Build configuration list for PBXNativeTarget "SlotMachineTests" */;
			buildPhases = (
				4F9779C11AA6D932004E282E /* Sources */,
				4F9779C21AA6D932004E282E /* Frameworks */,
				4F9779C31AA6D932004E282E /* Resources */,
			);
			buildRules = (
			);
			dependencies = (
				4F9779C71AA6D932004E282E /* PBXTargetDependency */,
			);
			name = SlotMachineTests;
			productName = SlotMachineTests;
			productReference = 4F9779C51AA6D932004E282E /* SlotMachineTests.xctest */;
			productType = "com.apple.product-type.bundle.unit-test";
		};
/* End PBXNativeTarget section */

/* Begin PBXProject section */
		4F9779A81AA6D932004E282E /* Project object */ = {
			isa = PBXProject;
			attributes = {
				LastUpgradeCheck = 0610;
				ORGANIZATIONNAME = "Arnab Sinha";
				TargetAttributes = {
					4F9779AF1AA6D932004E282E = {
						CreatedOnToolsVersion = 6.1.1;
					};
					4F9779C41AA6D932004E282E = {
						CreatedOnToolsVersion = 6.1.1;
						TestTargetID = 4F9779AF1AA6D932004E282E;
					};
				};
			};
			buildConfigurationList = 4F9779AB1AA6D932004E282E /* Build configuration list for PBXProject "SlotMachine" */;
			compatibilityVersion = "Xcode 3.2";
			developmentRegion = English;
			hasScannedForEncodings = 0;
			knownRegions = (
				en,
				Base,
			);
			mainGroup = 4F9779A71AA6D932004E282E;
			productRefGroup = 4F9779B11AA6D932004E282E /* Products */;
			projectDirPath = "";
			projectRoot = "";
			targets = (
				4F9779AF1AA6D932004E282E /* SlotMachine */,
				4F9779C41AA6D932004E282E /* SlotMachineTests */,
			);
		};
/* End PBXProject section */

/* Begin PBXResourcesBuildPhase section */
		4F9779AE1AA6D932004E282E /* Resources */ = {
			isa = PBXResourcesBuildPhase;
			buildActionMask = 2147483647;
			files = (
				4F9779BB1AA6D932004E282E /* Main.storyboard in Resources */,
				4F9779C01AA6D932004E282E /* LaunchScreen.xib in Resources */,
				4F9779BD1AA6D932004E282E /* Images.xcassets in Resources */,
			);
			runOnlyForDeploymentPostprocessing = 0;
		};
		4F9779C31AA6D932004E282E /* Resources */ = {
			isa = PBXResourcesBuildPhase;
			buildActionMask = 2147483647;
			files = (
			);
			runOnlyForDeploymentPostprocessing = 0;
		};
/* End PBXResourcesBuildPhase section */

/* Begin PBXSourcesBuildPhase section */
		4F9779AC1AA6D932004E282E /* Sources */ = {
			isa = PBXSourcesBuildPhase;
			buildActionMask = 2147483647;
			files = (
				4F927B261AC0DDF000947A1C /* Factory.swift in Sources */,
				4F9779B81AA6D932004E282E /* ViewController.swift in Sources */,
				4F927B241AC0D2BD00947A1C /* Slot.swift in Sources */,
				4F9779B61AA6D932004E282E /* AppDelegate.swift in Sources */,
			);
			runOnlyForDeploymentPostprocessing = 0;
		};
		4F9779C11AA6D932004E282E /* Sources */ = {
			isa = PBXSourcesBuildPhase;
			buildActionMask = 2147483647;
			files = (
				4F9779CC1AA6D932004E282E /* SlotMachineTests.swift in Sources */,
			);
			runOnlyForDeploymentPostprocessing = 0;
		};
/* End PBXSourcesBuildPhase section */

/* Begin PBXTargetDependency section */
		4F9779C71AA6D932004E282E /* PBXTargetDependency */ = {
			isa = PBXTargetDependency;
			target = 4F9779AF1AA6D932004E282E /* SlotMachine */;
			targetProxy = 4F9779C61AA6D932004E282E /* PBXContainerItemProxy */;
		};
/* End PBXTargetDependency section */

/* Begin PBXVariantGroup section */
		4F9779B91AA6D932004E282E /* Main.storyboard */ = {
			isa = PBXVariantGroup;
			children = (
				4F9779BA1AA6D932004E282E /* Base */,
			);
			name = Main.storyboard;
			sourceTree = "<group>";
		};
		4F9779BE1AA6D932004E282E /* LaunchScreen.xib */ = {
			isa = PBXVariantGroup;
			children = (
				4F9779BF1AA6D932004E282E /* Base */,
			);
			name = LaunchScreen.xib;
			sourceTree = "<group>";
		};
/* End PBXVariantGroup section */

/* Begin XCBuildConfiguration section */
		4F9779CD1AA6D932004E282E /* Debug */ = {
			isa = XCBuildConfiguration;
			buildSettings = {
				ALWAYS_SEARCH_USER_PATHS = NO;
				CLANG_CXX_LANGUAGE_STANDARD = "gnu++0x";
				CLANG_CXX_LIBRARY = "libc++";
				CLANG_ENABLE_MODULES = YES;
				CLANG_ENABLE_OBJC_ARC = YES;
				CLANG_WARN_BOOL_CONVERSION = YES;
				CLANG_WARN_CONSTANT_CONVERSION = YES;
				CLANG_WARN_DIRECT_OBJC_ISA_USAGE = YES_ERROR;
				CLANG_WARN_EMPTY_BODY = YES;
				CLANG_WARN_ENUM_CONVERSION = YES;
				CLANG_WARN_INT_CONVERSION = YES;
				CLANG_WARN_OBJC_ROOT_CLASS = YES_ERROR;
				CLANG_WARN_UNREACHABLE_CODE = YES;
				CLANG_WARN__DUPLICATE_METHOD_MATCH = YES;
				"CODE_SIGN_IDENTITY[sdk=iphoneos*]" = "iPhone Developer";
				COPY_PHASE_STRIP = NO;
				ENABLE_STRICT_OBJC_MSGSEND = YES;
				GCC_C_LANGUAGE_STANDARD = gnu99;
				GCC_DYNAMIC_NO_PIC = NO;
				GCC_OPTIMIZATION_LEVEL = 0;
				GCC_PREPROCESSOR_DEFINITIONS = (
					"DEBUG=1",
					"$(inherited)",
				);
				GCC_SYMBOLS_PRIVATE_EXTERN = NO;
				GCC_WARN_64_TO_32_BIT_CONVERSION = YES;
				GCC_WARN_ABOUT_RETURN_TYPE = YES_ERROR;
				GCC_WARN_UNDECLARED_SELECTOR = YES;
				GCC_WARN_UNINITIALIZED_AUTOS = YES_AGGRESSIVE;
				GCC_WARN_UNUSED_FUNCTION = YES;
				GCC_WARN_UNUSED_VARIABLE = YES;
				IPHONEOS_DEPLOYMENT_TARGET = 8.1;
				MTL_ENABLE_DEBUG_INFO = YES;
				ONLY_ACTIVE_ARCH = YES;
				SDKROOT = iphoneos;
				SWIFT_OPTIMIZATION_LEVEL = "-Onone";
				TARGETED_DEVICE_FAMILY = "1,2";
			};
			name = Debug;
		};
		4F9779CE1AA6D932004E282E /* Release */ = {
			isa = XCBuildConfiguration;
			buildSettings = {
				ALWAYS_SEARCH_USER_PATHS = NO;
				CLANG_CXX_LANGUAGE_STANDARD = "gnu++0x";
				CLANG_CXX_LIBRARY = "libc++";
				CLANG_ENABLE_MODULES = YES;
				CLANG_ENABLE_OBJC_ARC = YES;
				CLANG_WARN_BOOL_CONVERSION = YES;
				CLANG_WARN_CONSTANT_CONVERSION = YES;
				CLANG_WARN_DIRECT_OBJC_ISA_USAGE = YES_ERROR;
				CLANG_WARN_EMPTY_BODY = YES;
				CLANG_WARN_ENUM_CONVERSION = YES;
				CLANG_WARN_INT_CONVERSION = YES;
				CLANG_WARN_OBJC_ROOT_CLASS = YES_ERROR;
				CLANG_WARN_UNREACHABLE_CODE = YES;
				CLANG_WARN__DUPLICATE_METHOD_MATCH = YES;
				"CODE_SIGN_IDENTITY[sdk=iphoneos*]" = "iPhone Developer";
				COPY_PHASE_STRIP = YES;
				ENABLE_NS_ASSERTIONS = NO;
				ENABLE_STRICT_OBJC_MSGSEND = YES;
				GCC_C_LANGUAGE_STANDARD = gnu99;
				GCC_WARN_64_TO_32_BIT_CONVERSION = YES;
				GCC_WARN_ABOUT_RETURN_TYPE = YES_ERROR;
				GCC_WARN_UNDECLARED_SELECTOR = YES;
				GCC_WARN_UNINITIALIZED_AUTOS = YES_AGGRESSIVE;
				GCC_WARN_UNUSED_FUNCTION = YES;
				GCC_WARN_UNUSED_VARIABLE = YES;
				IPHONEOS_DEPLOYMENT_TARGET = 8.1;
				MTL_ENABLE_DEBUG_INFO = NO;
				SDKROOT = iphoneos;
				TARGETED_DEVICE_FAMILY = "1,2";
				VALIDATE_PRODUCT = YES;
			};
			name = Release;
		};
		4F9779D01AA6D932004E282E /* Debug */ = {
			isa = XCBuildConfiguration;
			buildSettings = {
				ASSETCATALOG_COMPILER_APPICON_NAME = AppIcon;
				INFOPLIST_FILE = SlotMachine/Info.plist;
				LD_RUNPATH_SEARCH_PATHS = "$(inherited) @executable_path/Frameworks";
				PRODUCT_NAME = "$(TARGET_NAME)";
			};
			name = Debug;
		};
		4F9779D11AA6D932004E282E /* Release */ = {
			isa = XCBuildConfiguration;
			buildSettings = {
				ASSETCATALOG_COMPILER_APPICON_NAME = AppIcon;
				INFOPLIST_FILE = SlotMachine/Info.plist;
				LD_RUNPATH_SEARCH_PATHS = "$(inherited) @executable_path/Frameworks";
				PRODUCT_NAME = "$(TARGET_NAME)";
			};
			name = Release;
		};
		4F9779D31AA6D932004E282E /* Debug */ = {
			isa = XCBuildConfiguration;
			buildSettings = {
				BUNDLE_LOADER = "$(TEST_HOST)";
				FRAMEWORK_SEARCH_PATHS = (
					"$(SDKROOT)/Developer/Library/Frameworks",
					"$(inherited)",
				);
				GCC_PREPROCESSOR_DEFINITIONS = (
					"DEBUG=1",
					"$(inherited)",
				);
				INFOPLIST_FILE = SlotMachineTests/Info.plist;
				LD_RUNPATH_SEARCH_PATHS = "$(inherited) @executable_path/Frameworks @loader_path/Frameworks";
				PRODUCT_NAME = "$(TARGET_NAME)";
				TEST_HOST = "$(BUILT_PRODUCTS_DIR)/SlotMachine.app/SlotMachine";
			};
			name = Debug;
		};
		4F9779D41AA6D932004E282E /* Release */ = {
			isa = XCBuildConfiguration;
			buildSettings = {
				BUNDLE_LOADER = "$(TEST_HOST)";
				FRAMEWORK_SEARCH_PATHS = (
					"$(SDKROOT)/Developer/Library/Frameworks",
					"$(inherited)",
				);
				INFOPLIST_FILE = SlotMachineTests/Info.plist;
				LD_RUNPATH_SEARCH_PATHS = "$(inherited) @executable_path/Frameworks @loader_path/Frameworks";
				PRODUCT_NAME = "$(TARGET_NAME)";
				TEST_HOST = "$(BUILT_PRODUCTS_DIR)/SlotMachine.app/SlotMachine";
			};
			name = Release;
		};
/* End XCBuildConfiguration section */

/* Begin XCConfigurationList section */
		4F9779AB1AA6D932004E282E /* Build configuration list for PBXProject "SlotMachine" */ = {
			isa = XCConfigurationList;
			buildConfigurations = (
				4F9779CD1AA6D932004E282E /* Debug */,
				4F9779CE1AA6D932004E282E /* Release */,
			);
			defaultConfigurationIsVisible = 0;
			defaultConfigurationName = Release;
		};
		4F9779CF1AA6D932004E282E /* Build configuration list for PBXNativeTarget "SlotMachine" */ = {
			isa = XCConfigurationList;
			buildConfigurations = (
				4F9779D01AA6D932004E282E /* Debug */,
				4F9779D11AA6D932004E282E /* Release */,
			);
			defaultConfigurationIsVisible = 0;
			defaultConfigurationName = Release;
		};
		4F9779D21AA6D932004E282E /* Build configuration list for PBXNativeTarget "SlotMachineTests" */ = {
			isa = XCConfigurationList;
			buildConfigurations = (
				4F9779D31AA6D932004E282E /* Debug */,
				4F9779D41AA6D932004E282E /* Release */,
			);
			defaultConfigurationIsVisible = 0;
			defaultConfigurationName = Release;
		};
/* End XCConfigurationList section */
	};
	rootObject = 4F9779A81AA6D932004E282E /* Project object */;
}
